
Microsoft Visual Studio Solution File, Format Version 12.00
# Visual Studio Version 17
VisualStudioVersion = 17.4.33103.184
MinimumVisualStudioVersion = 10.0.40219.1
Project("{FAE04EC0-301F-11D3-BF4B-00C04F79EFBC}") = "ffmpeg-wjz-sorry-generator", "ffmpeg-wjz-sorry-generator\ffmpeg-wjz-sorry-generator.csproj", "{369B0054-0E74-47F4-A710-33CA297CB2BD}"
EndProject
Global
	GlobalSection(SolutionConfigurationPlatforms) = preSolution
		Debug|Any CPU = Debug|Any CPU
		Release|Any CPU = Release|Any CPU
	EndGlobalSection
	GlobalSection(ProjectConfigurationPlatforms) = postSolution
		{369B0054-0E74-47F4-A710-33CA297CB2BD}.Debug|Any CPU.ActiveCfg = Debug|Any CPU
		{369B0054-0E74-47F4-A710-33CA297CB2BD}.Debug|Any CPU.Build.0 = Debug|Any CPU
		{369B0054-0E74-47F4-A710-33CA297CB2BD}.Release|Any CPU.ActiveCfg = Release|Any CPU
		{369B0054-0E74-47F4-A710-33CA297CB2BD}.Release|Any CPU.Build.0 = Release|Any CPU
	EndGlobalSection
	GlobalSection(SolutionProperties) = preSolution
		HideSolutionNode = FALSE
	EndGlobalSection
	GlobalSection(ExtensibilityGlobals) = postSolution
		SolutionGuid = {95CE9915-6EC9-4DD1-8312-F2151C3976B2}
	EndGlobalSection
EndGlobal
